// !$*UTF8*$!
{
	archiveVersion = 1;
	classes = {
	};
	objectVersion = 46;
	objects = {

/* Begin PBXBuildFile section */
		9516E5981F0E501400A378D7 /* ToDoData.swift in Sources */ = {isa = PBXBuildFile; fileRef = 9516E5971F0E501400A378D7 /* ToDoData.swift */; };
		951FC9F61F0FE0E400901249 /* ShoppingListData.swift in Sources */ = {isa = PBXBuildFile; fileRef = 951FC9F51F0FE0E400901249 /* ShoppingListData.swift */; };
		959C8E211F06518B003DB328 /* AppDelegate.swift in Sources */ = {isa = PBXBuildFile; fileRef = 959C8E201F06518B003DB328 /* AppDelegate.swift */; };
		959C8E231F06518B003DB328 /* ViewController.swift in Sources */ = {isa = PBXBuildFile; fileRef = 959C8E221F06518B003DB328 /* ViewController.swift */; };
		959C8E261F06518B003DB328 /* Main.storyboard in Resources */ = {isa = PBXBuildFile; fileRef = 959C8E241F06518B003DB328 /* Main.storyboard */; };
		959C8E281F06518B003DB328 /* Assets.xcassets in Resources */ = {isa = PBXBuildFile; fileRef = 959C8E271F06518B003DB328 /* Assets.xcassets */; };
		959C8E2B1F06518B003DB328 /* LaunchScreen.storyboard in Resources */ = {isa = PBXBuildFile; fileRef = 959C8E291F06518B003DB328 /* LaunchScreen.storyboard */; };
		959C8E331F0653A8003DB328 /* ToDoListViewController.swift in Sources */ = {isa = PBXBuildFile; fileRef = 959C8E321F0653A8003DB328 /* ToDoListViewController.swift */; };
		959C8E351F0653E2003DB328 /* ShoppingListViewController.swift in Sources */ = {isa = PBXBuildFile; fileRef = 959C8E341F0653E2003DB328 /* ShoppingListViewController.swift */; };
/* End PBXBuildFile section */

/* Begin PBXFileReference section */
		9516E5971F0E501400A378D7 /* ToDoData.swift */ = {isa = PBXFileReference; fileEncoding = 4; lastKnownFileType = sourcecode.swift; path = ToDoData.swift; sourceTree = "<group>"; };
		951FC9F51F0FE0E400901249 /* ShoppingListData.swift */ = {isa = PBXFileReference; fileEncoding = 4; lastKnownFileType = sourcecode.swift; path = ShoppingListData.swift; sourceTree = "<group>"; };
		959C8E1D1F06518B003DB328 /* hw_lecture_6.app */ = {isa = PBXFileReference; explicitFileType = wrapper.application; includeInIndex = 0; path = hw_lecture_6.app; sourceTree = BUILT_PRODUCTS_DIR; };
		959C8E201F06518B003DB328 /* AppDelegate.swift */ = {isa = PBXFileReference; lastKnownFileType = sourcecode.swift; path = AppDelegate.swift; sourceTree = "<group>"; };
		959C8E221F06518B003DB328 /* ViewController.swift */ = {isa = PBXFileReference; lastKnownFileType = sourcecode.swift; path = ViewController.swift; sourceTree = "<group>"; };
		959C8E251F06518B003DB328 /* Base */ = {isa = PBXFileReference; lastKnownFileType = file.storyboard; name = Base; path = Base.lproj/Main.storyboard; sourceTree = "<group>"; };
		959C8E271F06518B003DB328 /* Assets.xcassets */ = {isa = PBXFileReference; lastKnownFileType = folder.assetcatalog; path = Assets.xcassets; sourceTree = "<group>"; };
		959C8E2A1F06518B003DB328 /* Base */ = {isa = PBXFileReference; lastKnownFileType = file.storyboard; name = Base; path = Base.lproj/LaunchScreen.storyboard; sourceTree = "<group>"; };
		959C8E2C1F06518B003DB328 /* Info.plist */ = {isa = PBXFileReference; lastKnownFileType = text.plist.xml; path = Info.plist; sourceTree = "<group>"; };
		959C8E321F0653A8003DB328 /* ToDoListViewController.swift */ = {isa = PBXFileReference; fileEncoding = 4; lastKnownFileType = sourcecode.swift; path = ToDoListViewController.swift; sourceTree = "<group>"; };
		959C8E341F0653E2003DB328 /* ShoppingListViewController.swift */ = {isa = PBXFileReference; fileEncoding = 4; lastKnownFileType = sourcecode.swift; path = ShoppingListViewController.swift; sourceTree = "<group>"; };
/* End PBXFileReference section */

/* Begin PBXFrameworksBuildPhase section */
		959C8E1A1F06518B003DB328 /* Frameworks */ = {
			isa = PBXFrameworksBuildPhase;
			buildActionMask = 2147483647;
			files = (
			);
			runOnlyForDeploymentPostprocessing = 0;
		};
/* End PBXFrameworksBuildPhase section */

/* Begin PBXGroup section */
		9516E5991F0E5C4A00A378D7 /* ToDo List */ = {
			isa = PBXGroup;
			children = (
				959C8E321F0653A8003DB328 /* ToDoListViewController.swift */,
				9516E5971F0E501400A378D7 /* ToDoData.swift */,
			);
			name = "ToDo List";
			sourceTree = "<group>";
		};
		951FC9F41F0FE0AD00901249 /* Shopping List */ = {
			isa = PBXGroup;
			children = (
				959C8E341F0653E2003DB328 /* ShoppingListViewController.swift */,
				951FC9F51F0FE0E400901249 /* ShoppingListData.swift */,
			);
			name = "Shopping List";
			sourceTree = "<group>";
		};
		959C8E141F06518B003DB328 = {
			isa = PBXGroup;
			children = (
				959C8E1F1F06518B003DB328 /* hw_lecture_6 */,
				959C8E1E1F06518B003DB328 /* Products */,
			);
			sourceTree = "<group>";
		};
		959C8E1E1F06518B003DB328 /* Products */ = {
			isa = PBXGroup;
			children = (
				959C8E1D1F06518B003DB328 /* hw_lecture_6.app */,
			);
			name = Products;
			sourceTree = "<group>";
		};
		959C8E1F1F06518B003DB328 /* hw_lecture_6 */ = {
			isa = PBXGroup;
			children = (
				951FC9F41F0FE0AD00901249 /* Shopping List */,
				9516E5991F0E5C4A00A378D7 /* ToDo List */,
				959C8E201F06518B003DB328 /* AppDelegate.swift */,
				959C8E221F06518B003DB328 /* ViewController.swift */,
				959C8E241F06518B003DB328 /* Main.storyboard */,
				959C8E271F06518B003DB328 /* Assets.xcassets */,
				959C8E291F06518B003DB328 /* LaunchScreen.storyboard */,
				959C8E2C1F06518B003DB328 /* Info.plist */,
			);
			path = hw_lecture_6;
			sourceTree = "<group>";
		};
/* End PBXGroup section */

/* Begin PBXNativeTarget section */
		959C8E1C1F06518B003DB328 /* hw_lecture_6 */ = {
			isa = PBXNativeTarget;
			buildConfigurationList = 959C8E2F1F06518B003DB328 /* Build configuration list for PBXNativeTarget "hw_lecture_6" */;
			buildPhases = (
				959C8E191F06518B003DB328 /* Sources */,
				959C8E1A1F06518B003DB328 /* Frameworks */,
				959C8E1B1F06518B003DB328 /* Resources */,
			);
			buildRules = (
			);
			dependencies = (
			);
			name = hw_lecture_6;
			productName = hw_lecture_6;
			productReference = 959C8E1D1F06518B003DB328 /* hw_lecture_6.app */;
			productType = "com.apple.product-type.application";
		};
/* End PBXNativeTarget section */

/* Begin PBXProject section */
		959C8E151F06518B003DB328 /* Project object */ = {
			isa = PBXProject;
			attributes = {
				LastSwiftUpdateCheck = 0830;
				LastUpgradeCheck = 0830;
				ORGANIZATIONNAME = Anna;
				TargetAttributes = {
					959C8E1C1F06518B003DB328 = {
						CreatedOnToolsVersion = 8.3.3;
						ProvisioningStyle = Automatic;
					};
				};
			};
			buildConfigurationList = 959C8E181F06518B003DB328 /* Build configuration list for PBXProject "hw_lecture_6" */;
			compatibilityVersion = "Xcode 3.2";
			developmentRegion = English;
			hasScannedForEncodings = 0;
			knownRegions = (
				en,
				Base,
			);
			mainGroup = 959C8E141F06518B003DB328;
			productRefGroup = 959C8E1E1F06518B003DB328 /* Products */;
			projectDirPath = "";
			projectRoot = "";
			targets = (
				959C8E1C1F06518B003DB328 /* hw_lecture_6 */,
			);
		};
/* End PBXProject section */

/* Begin PBXResourcesBuildPhase section */
		959C8E1B1F06518B003DB328 /* Resources */ = {
			isa = PBXResourcesBuildPhase;
			buildActionMask = 2147483647;
			files = (
				959C8E2B1F06518B003DB328 /* LaunchScreen.storyboard in Resources */,
				959C8E281F06518B003DB328 /* Assets.xcassets in Resources */,
				959C8E261F06518B003DB328 /* Main.storyboard in Resources */,
			);
			runOnlyForDeploymentPostprocessing = 0;
		};
/* End PBXResourcesBuildPhase section */

/* Begin PBXSourcesBuildPhase section */
		959C8E191F06518B003DB328 /* Sources */ = {
			isa = PBXSourcesBuildPhase;
			buildActionMask = 2147483647;
			files = (
				959C8E351F0653E2003DB328 /* ShoppingListViewController.swift in Sources */,
				959C8E231F06518B003DB328 /* ViewController.swift in Sources */,
				9516E5981F0E501400A378D7 /* ToDoData.swift in Sources */,
				951FC9F61F0FE0E400901249 /* ShoppingListData.swift in Sources */,
				959C8E331F0653A8003DB328 /* ToDoListViewController.swift in Sources */,
				959C8E211F06518B003DB328 /* AppDelegate.swift in Sources */,
			);
			runOnlyForDeploymentPostprocessing = 0;
		};
/* End PBXSourcesBuildPhase section */

/* Begin PBXVariantGroup section */
		959C8E241F06518B003DB328 /* Main.storyboard */ = {
			isa = PBXVariantGroup;
			children = (
				959C8E251F06518B003DB328 /* Base */,
			);
			name = Main.storyboard;
			sourceTree = "<group>";
		};
		959C8E291F06518B003DB328 /* LaunchScreen.storyboard */ = {
			isa = PBXVariantGroup;
			children = (
				959C8E2A1F06518B003DB328 /* Base */,
			);
			name = LaunchScreen.storyboard;
			sourceTree = "<group>";
		};
/* End PBXVariantGroup section */

/* Begin XCBuildConfiguration section */
		959C8E2D1F06518B003DB328 /* Debug */ = {
			isa = XCBuildConfiguration;
			buildSettings = {
				ALWAYS_SEARCH_USER_PATHS = NO;
				CLANG_ANALYZER_NONNULL = YES;
				CLANG_ANALYZER_NUMBER_OBJECT_CONVERSION = YES_AGGRESSIVE;
				CLANG_CXX_LANGUAGE_STANDARD = "gnu++0x";
				CLANG_CXX_LIBRARY = "libc++";
				CLANG_ENABLE_MODULES = YES;
				CLANG_ENABLE_OBJC_ARC = YES;
				CLANG_WARN_BOOL_CONVERSION = YES;
				CLANG_WARN_CONSTANT_CONVERSION = YES;
				CLANG_WARN_DIRECT_OBJC_ISA_USAGE = YES_ERROR;
				CLANG_WARN_DOCUMENTATION_COMMENTS = YES;
				CLANG_WARN_EMPTY_BODY = YES;
				CLANG_WARN_ENUM_CONVERSION = YES;
				CLANG_WARN_INFINITE_RECURSION = YES;
				CLANG_WARN_INT_CONVERSION = YES;
				CLANG_WARN_OBJC_ROOT_CLASS = YES_ERROR;
				CLANG_WARN_SUSPICIOUS_MOVE = YES;
				CLANG_WARN_UNREACHABLE_CODE = YES;
				CLANG_WARN__DUPLICATE_METHOD_MATCH = YES;
				"CODE_SIGN_IDENTITY[sdk=iphoneos*]" = "iPhone Developer";
				COPY_PHASE_STRIP = NO;
				DEBUG_INFORMATION_FORMAT = dwarf;
				ENABLE_STRICT_OBJC_MSGSEND = YES;
				ENABLE_TESTABILITY = YES;
				GCC_C_LANGUAGE_STANDARD = gnu99;
				GCC_DYNAMIC_NO_PIC = NO;
				GCC_NO_COMMON_BLOCKS = YES;
				GCC_OPTIMIZATION_LEVEL = 0;
				GCC_PREPROCESSOR_DEFINITIONS = (
					"DEBUG=1",
					"$(inherited)",
				);
				GCC_WARN_64_TO_32_BIT_CONVERSION = YES;
				GCC_WARN_ABOUT_RETURN_TYPE = YES_ERROR;
				GCC_WARN_UNDECLARED_SELECTOR = YES;
				GCC_WARN_UNINITIALIZED_AUTOS = YES_AGGRESSIVE;
				GCC_WARN_UNUSED_FUNCTION = YES;
				GCC_WARN_UNUSED_VARIABLE = YES;
				IPHONEOS_DEPLOYMENT_TARGET = 10.3;
				MTL_ENABLE_DEBUG_INFO = YES;
				ONLY_ACTIVE_ARCH = YES;
				SDKROOT = iphoneos;
				SWIFT_ACTIVE_COMPILATION_CONDITIONS = DEBUG;
				SWIFT_OPTIMIZATION_LEVEL = "-Onone";
			};
			name = Debug;
		};
		959C8E2E1F06518B003DB328 /* Release */ = {
			isa = XCBuildConfiguration;
			buildSettings = {
				ALWAYS_SEARCH_USER_PATHS = NO;
				CLANG_ANALYZER_NONNULL = YES;
				CLANG_ANALYZER_NUMBER_OBJECT_CONVERSION = YES_AGGRESSIVE;
				CLANG_CXX_LANGUAGE_STANDARD = "gnu++0x";
				CLANG_CXX_LIBRARY = "libc++";
				CLANG_ENABLE_MODULES = YES;
				CLANG_ENABLE_OBJC_ARC = YES;
				CLANG_WARN_BOOL_CONVERSION = YES;
				CLANG_WARN_CONSTANT_CONVERSION = YES;
				CLANG_WARN_DIRECT_OBJC_ISA_USAGE = YES_ERROR;
				CLANG_WARN_DOCUMENTATION_COMMENTS = YES;
				CLANG_WARN_EMPTY_BODY = YES;
				CLANG_WARN_ENUM_CONVERSION = YES;
				CLANG_WARN_INFINITE_RECURSION = YES;
				CLANG_WARN_INT_CONVERSION = YES;
				CLANG_WARN_OBJC_ROOT_CLASS = YES_ERROR;
				CLANG_WARN_SUSPICIOUS_MOVE = YES;
				CLANG_WARN_UNREACHABLE_CODE = YES;
				CLANG_WARN__DUPLICATE_METHOD_MATCH = YES;
				"CODE_SIGN_IDENTITY[sdk=iphoneos*]" = "iPhone Developer";
				COPY_PHASE_STRIP = NO;
				DEBUG_INFORMATION_FORMAT = "dwarf-with-dsym";
				ENABLE_NS_ASSERTIONS = NO;
				ENABLE_STRICT_OBJC_MSGSEND = YES;
				GCC_C_LANGUAGE_STANDARD = gnu99;
				GCC_NO_COMMON_BLOCKS = YES;
				GCC_WARN_64_TO_32_BIT_CONVERSION = YES;
				GCC_WARN_ABOUT_RETURN_TYPE = YES_ERROR;
				GCC_WARN_UNDECLARED_SELECTOR = YES;
				GCC_WARN_UNINITIALIZED_AUTOS = YES_AGGRESSIVE;
				GCC_WARN_UNUSED_FUNCTION = YES;
				GCC_WARN_UNUSED_VARIABLE = YES;
				IPHONEOS_DEPLOYMENT_TARGET = 10.3;
				MTL_ENABLE_DEBUG_INFO = NO;
				SDKROOT = iphoneos;
				SWIFT_OPTIMIZATION_LEVEL = "-Owholemodule";
				VALIDATE_PRODUCT = YES;
			};
			name = Release;
		};
		959C8E301F06518B003DB328 /* Debug */ = {
			isa = XCBuildConfiguration;
			buildSettings = {
				ASSETCATALOG_COMPILER_APPICON_NAME = AppIcon;
				INFOPLIST_FILE = hw_lecture_6/Info.plist;
				LD_RUNPATH_SEARCH_PATHS = "$(inherited) @executable_path/Frameworks";
				PRODUCT_BUNDLE_IDENTIFIER = "AI.hw-lecture-6";
				PRODUCT_NAME = "$(TARGET_NAME)";
				SWIFT_VERSION = 3.0;
			};
			name = Debug;
		};
		959C8E311F06518B003DB328 /* Release */ = {
			isa = XCBuildConfiguration;
			buildSettings = {
				ASSETCATALOG_COMPILER_APPICON_NAME = AppIcon;
				INFOPLIST_FILE = hw_lecture_6/Info.plist;
				LD_RUNPATH_SEARCH_PATHS = "$(inherited) @executable_path/Frameworks";
				PRODUCT_BUNDLE_IDENTIFIER = "AI.hw-lecture-6";
				PRODUCT_NAME = "$(TARGET_NAME)";
				SWIFT_VERSION = 3.0;
			};
			name = Release;
		};
/* End XCBuildConfiguration section */

/* Begin XCConfigurationList section */
		959C8E181F06518B003DB328 /* Build configuration list for PBXProject "hw_lecture_6" */ = {
			isa = XCConfigurationList;
			buildConfigurations = (
				959C8E2D1F06518B003DB328 /* Debug */,
				959C8E2E1F06518B003DB328 /* Release */,
			);
			defaultConfigurationIsVisible = 0;
			defaultConfigurationName = Release;
		};
		959C8E2F1F06518B003DB328 /* Build configuration list for PBXNativeTarget "hw_lecture_6" */ = {
			isa = XCConfigurationList;
			buildConfigurations = (
				959C8E301F06518B003DB328 /* Debug */,
				959C8E311F06518B003DB328 /* Release */,
			);
			defaultConfigurationIsVisible = 0;
			defaultConfigurationName = Release;
		};
/* End XCConfigurationList section */
	};
	rootObject = 959C8E151F06518B003DB328 /* Project object */;
}
